
Microsoft Visual Studio Solution File, Format Version 12.00
# Visual Studio 15
Project("{FAE04EC0-301F-11D3-BF4B-00C04F79EFBC}") = "UnityEngine.UI", "UnityEngine.UI.csproj", "{310522CF-7F61-5217-98BE-971D83D1D2A8}"
EndProject
Project("{FAE04EC0-301F-11D3-BF4B-00C04F79EFBC}") = "UnityEngine.TestRunner", "UnityEngine.TestRunner.csproj", "{DCF97BE7-648A-8538-C08C-32CFDD270F77}"
EndProject
Project("{FAE04EC0-301F-11D3-BF4B-00C04F79EFBC}") = "Unity.Mathematics", "Unity.Mathematics.csproj", "{EF1E9F1D-FA38-D32F-80D5-6F291E26B80C}"
EndProject
Project("{FAE04EC0-301F-11D3-BF4B-00C04F79EFBC}") = "Assembly-CSharp", "Assembly-CSharp.csproj", "{73116A47-5048-7B69-0152-5E4AC0405600}"
EndProject
Project("{FAE04EC0-301F-11D3-BF4B-00C04F79EFBC}") = "Unity.Timeline", "Unity.Timeline.csproj", "{4D4D8CBC-6B09-BE64-8932-75490C644962}"
EndProject
Project("{FAE04EC0-301F-11D3-BF4B-00C04F79EFBC}") = "Unity.Burst", "Unity.Burst.csproj", "{66A1912C-AD87-3B6F-D867-D2456D277021}"
EndProject
Project("{FAE04EC0-301F-11D3-BF4B-00C04F79EFBC}") = "Unity.TextMeshPro", "Unity.TextMeshPro.csproj", "{73A1D25F-CE35-1D70-07A0-CB584D10FB6C}"
EndProject
Project("{FAE04EC0-301F-11D3-BF4B-00C04F79EFBC}") = "Unity.2D.Animation.Runtime", "Unity.2D.Animation.Runtime.csproj", "{ABF83C93-9492-EDFE-E21C-86B04F52DDBC}"
EndProject
Project("{FAE04EC0-301F-11D3-BF4B-00C04F79EFBC}") = "Unity.2D.IK.Runtime", "Unity.2D.IK.Runtime.csproj", "{3C143A02-F2F5-3799-D71B-EB59F8713CB5}"
EndProject
Project("{FAE04EC0-301F-11D3-BF4B-00C04F79EFBC}") = "Unity.2D.SpriteShape.Runtime", "Unity.2D.SpriteShape.Runtime.csproj", "{32384E47-3019-9F4F-17A1-7244400447F6}"
EndProject
Project("{FAE04EC0-301F-11D3-BF4B-00C04F79EFBC}") = "Unity.2D.Common.Runtime", "Unity.2D.Common.Runtime.csproj", "{9B0A31ED-98B8-966B-5007-C59A6EE2C24A}"
EndProject
Project("{FAE04EC0-301F-11D3-BF4B-00C04F79EFBC}") = "Unity.2D.PixelPerfect", "Unity.2D.PixelPerfect.csproj", "{99708E8D-B4E9-1833-D2AC-25F49D563D1C}"
EndProject
Project("{FAE04EC0-301F-11D3-BF4B-00C04F79EFBC}") = "Unity.InternalAPIEngineBridge.001", "Unity.InternalAPIEngineBridge.001.csproj", "{3513DB69-ACD0-C29E-99EC-0ECA3B6A8CEC}"
EndProject
Project("{FAE04EC0-301F-11D3-BF4B-00C04F79EFBC}") = "UnityEditor.TestRunner", "UnityEditor.TestRunner.csproj", "{C9B4BE4F-8A2E-A7A3-A6A2-F77A1C6E120C}"
EndProject
Project("{FAE04EC0-301F-11D3-BF4B-00C04F79EFBC}") = "Unity.2D.Psdimporter.Editor", "Unity.2D.Psdimporter.Editor.csproj", "{4084948C-D989-BD05-D69D-9A17CD1922E7}"
EndProject
Project("{FAE04EC0-301F-11D3-BF4B-00C04F79EFBC}") = "Unity.PlasticSCM.Editor", "Unity.PlasticSCM.Editor.csproj", "{95838BAD-BCC2-FDF2-C582-32D3D0556DF8}"
EndProject
Project("{FAE04EC0-301F-11D3-BF4B-00C04F79EFBC}") = "Assembly-CSharp-Editor", "Assembly-CSharp-Editor.csproj", "{DB7D9A75-9377-BEE1-D2B5-447B55D160C7}"
EndProject
Project("{FAE04EC0-301F-11D3-BF4B-00C04F79EFBC}") = "Unity.Burst.CodeGen", "Unity.Burst.CodeGen.csproj", "{C3581926-6DCA-89ED-292E-F096D75AF120}"
EndProject
Project("{FAE04EC0-301F-11D3-BF4B-00C04F79EFBC}") = "UnityEditor.UI", "UnityEditor.UI.csproj", "{95ACDB8F-FA47-E828-F2F4-EB15E0E5842B}"
EndProject
Project("{FAE04EC0-301F-11D3-BF4B-00C04F79EFBC}") = "Unity.Timeline.Editor", "Unity.Timeline.Editor.csproj", "{3884D778-F66F-C1A4-A2E0-AECD86DCE158}"
EndProject
Project("{FAE04EC0-301F-11D3-BF4B-00C04F79EFBC}") = "Unity.VisualStudio.Editor", "Unity.VisualStudio.Editor.csproj", "{62A205EA-BC8D-BED0-522F-BCCE7986F655}"
EndProject
Project("{FAE04EC0-301F-11D3-BF4B-00C04F79EFBC}") = "Unity.2D.Animation.Editor", "Unity.2D.Animation.Editor.csproj", "{542E6F91-8AD3-868E-01B0-7ADEA3352E6E}"
EndProject
Project("{FAE04EC0-301F-11D3-BF4B-00C04F79EFBC}") = "Unity.TextMeshPro.Editor", "Unity.TextMeshPro.Editor.csproj", "{9779D574-F54E-DCDA-187E-CE1593732760}"
EndProject
Project("{FAE04EC0-301F-11D3-BF4B-00C04F79EFBC}") = "Unity.Burst.Editor", "Unity.Burst.Editor.csproj", "{7442ADA5-C2A9-D59E-C7CD-13FEF41A407C}"
EndProject
Project("{FAE04EC0-301F-11D3-BF4B-00C04F79EFBC}") = "Unity.2D.SpriteShape.Editor", "Unity.2D.SpriteShape.Editor.csproj", "{DE88870C-974D-CDE8-CB9B-11C15DBA1CCE}"
EndProject
Project("{FAE04EC0-301F-11D3-BF4B-00C04F79EFBC}") = "Unity.2D.PixelPerfect.Editor", "Unity.2D.PixelPerfect.Editor.csproj", "{BD1FFF71-807D-399F-15A7-49EE9F01F0C5}"
EndProject
Project("{FAE04EC0-301F-11D3-BF4B-00C04F79EFBC}") = "PsdPlugin", "PsdPlugin.csproj", "{54B9380A-0AE0-A902-9E9C-9A09DE0ECC8C}"
EndProject
Project("{FAE04EC0-301F-11D3-BF4B-00C04F79EFBC}") = "Unity.2D.Tilemap.Editor", "Unity.2D.Tilemap.Editor.csproj", "{010C984A-8983-155F-4C31-FBBCA2F21D73}"
EndProject
Project("{FAE04EC0-301F-11D3-BF4B-00C04F79EFBC}") = "Unity.2D.Path.Editor", "Unity.2D.Path.Editor.csproj", "{408503BD-643F-9CD9-5AA0-E5287E95ECEC}"
EndProject
Project("{FAE04EC0-301F-11D3-BF4B-00C04F79EFBC}") = "Unity.Rider.Editor", "Unity.Rider.Editor.csproj", "{E7952492-EBF5-E9E5-B90B-A5D385F06FCA}"
EndProject
Project("{FAE04EC0-301F-11D3-BF4B-00C04F79EFBC}") = "Unity.2D.Sprite.Editor", "Unity.2D.Sprite.Editor.csproj", "{44C81AC6-1F43-3C8C-712C-F4D1B0FF444B}"
EndProject
Project("{FAE04EC0-301F-11D3-BF4B-00C04F79EFBC}") = "Unity.2D.IK.Editor", "Unity.2D.IK.Editor.csproj", "{804B00D7-6862-7F32-AA34-DB5D188C9D78}"
EndProject
Project("{FAE04EC0-301F-11D3-BF4B-00C04F79EFBC}") = "Unity.VSCode.Editor", "Unity.VSCode.Editor.csproj", "{2F83ABDD-FD81-E2FF-9371-CFE7E14DC0BB}"
EndProject
Project("{FAE04EC0-301F-11D3-BF4B-00C04F79EFBC}") = "Unity.2D.Common.Editor", "Unity.2D.Common.Editor.csproj", "{91FB80A7-E614-FAE7-0F08-B8BED82834E5}"
EndProject
Project("{FAE04EC0-301F-11D3-BF4B-00C04F79EFBC}") = "Unity.Mathematics.Editor", "Unity.Mathematics.Editor.csproj", "{5FA077DE-FD85-C6EA-506D-76ABE2F5601A}"
EndProject
Project("{FAE04EC0-301F-11D3-BF4B-00C04F79EFBC}") = "Unity.CollabProxy.Editor", "Unity.CollabProxy.Editor.csproj", "{15B8A19F-128E-E73A-4AC0-4340098371F8}"
EndProject
Project("{FAE04EC0-301F-11D3-BF4B-00C04F79EFBC}") = "Unity.InternalAPIEditorBridge.001", "Unity.InternalAPIEditorBridge.001.csproj", "{ED37A284-7D13-C3CE-112E-ACEE7634FF47}"
EndProject
Global
	GlobalSection(SolutionConfigurationPlatforms) = preSolution
		Debug|Any CPU = Debug|Any CPU
		Release|Any CPU = Release|Any CPU
	EndGlobalSection
	GlobalSection(ProjectConfigurationPlatforms) = postSolution
		{310522CF-7F61-5217-98BE-971D83D1D2A8}.Debug|Any CPU.ActiveCfg = Debug|Any CPU
		{310522CF-7F61-5217-98BE-971D83D1D2A8}.Debug|Any CPU.Build.0 = Debug|Any CPU
		{310522CF-7F61-5217-98BE-971D83D1D2A8}.Release|Any CPU.ActiveCfg = Release|Any CPU
		{310522CF-7F61-5217-98BE-971D83D1D2A8}.Release|Any CPU.Build.0 = Release|Any CPU
		{DCF97BE7-648A-8538-C08C-32CFDD270F77}.Debug|Any CPU.ActiveCfg = Debug|Any CPU
		{DCF97BE7-648A-8538-C08C-32CFDD270F77}.Debug|Any CPU.Build.0 = Debug|Any CPU
		{DCF97BE7-648A-8538-C08C-32CFDD270F77}.Release|Any CPU.ActiveCfg = Release|Any CPU
		{DCF97BE7-648A-8538-C08C-32CFDD270F77}.Release|Any CPU.Build.0 = Release|Any CPU
		{EF1E9F1D-FA38-D32F-80D5-6F291E26B80C}.Debug|Any CPU.ActiveCfg = Debug|Any CPU
		{EF1E9F1D-FA38-D32F-80D5-6F291E26B80C}.Debug|Any CPU.Build.0 = Debug|Any CPU
		{EF1E9F1D-FA38-D32F-80D5-6F291E26B80C}.Release|Any CPU.ActiveCfg = Release|Any CPU
		{EF1E9F1D-FA38-D32F-80D5-6F291E26B80C}.Release|Any CPU.Build.0 = Release|Any CPU
		{73116A47-5048-7B69-0152-5E4AC0405600}.Debug|Any CPU.ActiveCfg = Debug|Any CPU
		{73116A47-5048-7B69-0152-5E4AC0405600}.Debug|Any CPU.Build.0 = Debug|Any CPU
		{73116A47-5048-7B69-0152-5E4AC0405600}.Release|Any CPU.ActiveCfg = Release|Any CPU
		{73116A47-5048-7B69-0152-5E4AC0405600}.Release|Any CPU.Build.0 = Release|Any CPU
		{4D4D8CBC-6B09-BE64-8932-75490C644962}.Debug|Any CPU.ActiveCfg = Debug|Any CPU
		{4D4D8CBC-6B09-BE64-8932-75490C644962}.Debug|Any CPU.Build.0 = Debug|Any CPU
		{4D4D8CBC-6B09-BE64-8932-75490C644962}.Release|Any CPU.ActiveCfg = Release|Any CPU
		{4D4D8CBC-6B09-BE64-8932-75490C644962}.Release|Any CPU.Build.0 = Release|Any CPU
		{66A1912C-AD87-3B6F-D867-D2456D277021}.Debug|Any CPU.ActiveCfg = Debug|Any CPU
		{66A1912C-AD87-3B6F-D867-D2456D277021}.Debug|Any CPU.Build.0 = Debug|Any CPU
		{66A1912C-AD87-3B6F-D867-D2456D277021}.Release|Any CPU.ActiveCfg = Release|Any CPU
		{66A1912C-AD87-3B6F-D867-D2456D277021}.Release|Any CPU.Build.0 = Release|Any CPU
		{73A1D25F-CE35-1D70-07A0-CB584D10FB6C}.Debug|Any CPU.ActiveCfg = Debug|Any CPU
		{73A1D25F-CE35-1D70-07A0-CB584D10FB6C}.Debug|Any CPU.Build.0 = Debug|Any CPU
		{73A1D25F-CE35-1D70-07A0-CB584D10FB6C}.Release|Any CPU.ActiveCfg = Release|Any CPU
		{73A1D25F-CE35-1D70-07A0-CB584D10FB6C}.Release|Any CPU.Build.0 = Release|Any CPU
		{ABF83C93-9492-EDFE-E21C-86B04F52DDBC}.Debug|Any CPU.ActiveCfg = Debug|Any CPU
		{ABF83C93-9492-EDFE-E21C-86B04F52DDBC}.Debug|Any CPU.Build.0 = Debug|Any CPU
		{ABF83C93-9492-EDFE-E21C-86B04F52DDBC}.Release|Any CPU.ActiveCfg = Release|Any CPU
		{ABF83C93-9492-EDFE-E21C-86B04F52DDBC}.Release|Any CPU.Build.0 = Release|Any CPU
		{3C143A02-F2F5-3799-D71B-EB59F8713CB5}.Debug|Any CPU.ActiveCfg = Debug|Any CPU
		{3C143A02-F2F5-3799-D71B-EB59F8713CB5}.Debug|Any CPU.Build.0 = Debug|Any CPU
		{3C143A02-F2F5-3799-D71B-EB59F8713CB5}.Release|Any CPU.ActiveCfg = Release|Any CPU
		{3C143A02-F2F5-3799-D71B-EB59F8713CB5}.Release|Any CPU.Build.0 = Release|Any CPU
		{32384E47-3019-9F4F-17A1-7244400447F6}.Debug|Any CPU.ActiveCfg = Debug|Any CPU
		{32384E47-3019-9F4F-17A1-7244400447F6}.Debug|Any CPU.Build.0 = Debug|Any CPU
		{32384E47-3019-9F4F-17A1-7244400447F6}.Release|Any CPU.ActiveCfg = Release|Any CPU
		{32384E47-3019-9F4F-17A1-7244400447F6}.Release|Any CPU.Build.0 = Release|Any CPU
		{9B0A31ED-98B8-966B-5007-C59A6EE2C24A}.Debug|Any CPU.ActiveCfg = Debug|Any CPU
		{9B0A31ED-98B8-966B-5007-C59A6EE2C24A}.Debug|Any CPU.Build.0 = Debug|Any CPU
		{9B0A31ED-98B8-966B-5007-C59A6EE2C24A}.Release|Any CPU.ActiveCfg = Release|Any CPU
		{9B0A31ED-98B8-966B-5007-C59A6EE2C24A}.Release|Any CPU.Build.0 = Release|Any CPU
		{99708E8D-B4E9-1833-D2AC-25F49D563D1C}.Debug|Any CPU.ActiveCfg = Debug|Any CPU
		{99708E8D-B4E9-1833-D2AC-25F49D563D1C}.Debug|Any CPU.Build.0 = Debug|Any CPU
		{99708E8D-B4E9-1833-D2AC-25F49D563D1C}.Release|Any CPU.ActiveCfg = Release|Any CPU
		{99708E8D-B4E9-1833-D2AC-25F49D563D1C}.Release|Any CPU.Build.0 = Release|Any CPU
		{3513DB69-ACD0-C29E-99EC-0ECA3B6A8CEC}.Debug|Any CPU.ActiveCfg = Debug|Any CPU
		{3513DB69-ACD0-C29E-99EC-0ECA3B6A8CEC}.Debug|Any CPU.Build.0 = Debug|Any CPU
		{3513DB69-ACD0-C29E-99EC-0ECA3B6A8CEC}.Release|Any CPU.ActiveCfg = Release|Any CPU
		{3513DB69-ACD0-C29E-99EC-0ECA3B6A8CEC}.Release|Any CPU.Build.0 = Release|Any CPU
		{C9B4BE4F-8A2E-A7A3-A6A2-F77A1C6E120C}.Debug|Any CPU.ActiveCfg = Debug|Any CPU
		{C9B4BE4F-8A2E-A7A3-A6A2-F77A1C6E120C}.Debug|Any CPU.Build.0 = Debug|Any CPU
		{C9B4BE4F-8A2E-A7A3-A6A2-F77A1C6E120C}.Release|Any CPU.ActiveCfg = Release|Any CPU
		{C9B4BE4F-8A2E-A7A3-A6A2-F77A1C6E120C}.Release|Any CPU.Build.0 = Release|Any CPU
		{4084948C-D989-BD05-D69D-9A17CD1922E7}.Debug|Any CPU.ActiveCfg = Debug|Any CPU
		{4084948C-D989-BD05-D69D-9A17CD1922E7}.Debug|Any CPU.Build.0 = Debug|Any CPU
		{4084948C-D989-BD05-D69D-9A17CD1922E7}.Release|Any CPU.ActiveCfg = Release|Any CPU
		{4084948C-D989-BD05-D69D-9A17CD1922E7}.Release|Any CPU.Build.0 = Release|Any CPU
		{95838BAD-BCC2-FDF2-C582-32D3D0556DF8}.Debug|Any CPU.ActiveCfg = Debug|Any CPU
		{95838BAD-BCC2-FDF2-C582-32D3D0556DF8}.Debug|Any CPU.Build.0 = Debug|Any CPU
		{95838BAD-BCC2-FDF2-C582-32D3D0556DF8}.Release|Any CPU.ActiveCfg = Release|Any CPU
		{95838BAD-BCC2-FDF2-C582-32D3D0556DF8}.Release|Any CPU.Build.0 = Release|Any CPU
		{DB7D9A75-9377-BEE1-D2B5-447B55D160C7}.Debug|Any CPU.ActiveCfg = Debug|Any CPU
		{DB7D9A75-9377-BEE1-D2B5-447B55D160C7}.Debug|Any CPU.Build.0 = Debug|Any CPU
		{DB7D9A75-9377-BEE1-D2B5-447B55D160C7}.Release|Any CPU.ActiveCfg = Release|Any CPU
		{DB7D9A75-9377-BEE1-D2B5-447B55D160C7}.Release|Any CPU.Build.0 = Release|Any CPU
		{C3581926-6DCA-89ED-292E-F096D75AF120}.Debug|Any CPU.ActiveCfg = Debug|Any CPU
		{C3581926-6DCA-89ED-292E-F096D75AF120}.Debug|Any CPU.Build.0 = Debug|Any CPU
		{C3581926-6DCA-89ED-292E-F096D75AF120}.Release|Any CPU.ActiveCfg = Release|Any CPU
		{C3581926-6DCA-89ED-292E-F096D75AF120}.Release|Any CPU.Build.0 = Release|Any CPU
		{95ACDB8F-FA47-E828-F2F4-EB15E0E5842B}.Debug|Any CPU.ActiveCfg = Debug|Any CPU
		{95ACDB8F-FA47-E828-F2F4-EB15E0E5842B}.Debug|Any CPU.Build.0 = Debug|Any CPU
		{95ACDB8F-FA47-E828-F2F4-EB15E0E5842B}.Release|Any CPU.ActiveCfg = Release|Any CPU
		{95ACDB8F-FA47-E828-F2F4-EB15E0E5842B}.Release|Any CPU.Build.0 = Release|Any CPU
		{3884D778-F66F-C1A4-A2E0-AECD86DCE158}.Debug|Any CPU.ActiveCfg = Debug|Any CPU
		{3884D778-F66F-C1A4-A2E0-AECD86DCE158}.Debug|Any CPU.Build.0 = Debug|Any CPU
		{3884D778-F66F-C1A4-A2E0-AECD86DCE158}.Release|Any CPU.ActiveCfg = Release|Any CPU
		{3884D778-F66F-C1A4-A2E0-AECD86DCE158}.Release|Any CPU.Build.0 = Release|Any CPU
		{62A205EA-BC8D-BED0-522F-BCCE7986F655}.Debug|Any CPU.ActiveCfg = Debug|Any CPU
		{62A205EA-BC8D-BED0-522F-BCCE7986F655}.Debug|Any CPU.Build.0 = Debug|Any CPU
		{62A205EA-BC8D-BED0-522F-BCCE7986F655}.Release|Any CPU.ActiveCfg = Release|Any CPU
		{62A205EA-BC8D-BED0-522F-BCCE7986F655}.Release|Any CPU.Build.0 = Release|Any CPU
		{542E6F91-8AD3-868E-01B0-7ADEA3352E6E}.Debug|Any CPU.ActiveCfg = Debug|Any CPU
		{542E6F91-8AD3-868E-01B0-7ADEA3352E6E}.Debug|Any CPU.Build.0 = Debug|Any CPU
		{542E6F91-8AD3-868E-01B0-7ADEA3352E6E}.Release|Any CPU.ActiveCfg = Release|Any CPU
		{542E6F91-8AD3-868E-01B0-7ADEA3352E6E}.Release|Any CPU.Build.0 = Release|Any CPU
		{9779D574-F54E-DCDA-187E-CE1593732760}.Debug|Any CPU.ActiveCfg = Debug|Any CPU
		{9779D574-F54E-DCDA-187E-CE1593732760}.Debug|Any CPU.Build.0 = Debug|Any CPU
		{9779D574-F54E-DCDA-187E-CE1593732760}.Release|Any CPU.ActiveCfg = Release|Any CPU
		{9779D574-F54E-DCDA-187E-CE1593732760}.Release|Any CPU.Build.0 = Release|Any CPU
		{7442ADA5-C2A9-D59E-C7CD-13FEF41A407C}.Debug|Any CPU.ActiveCfg = Debug|Any CPU
		{7442ADA5-C2A9-D59E-C7CD-13FEF41A407C}.Debug|Any CPU.Build.0 = Debug|Any CPU
		{7442ADA5-C2A9-D59E-C7CD-13FEF41A407C}.Release|Any CPU.ActiveCfg = Release|Any CPU
		{7442ADA5-C2A9-D59E-C7CD-13FEF41A407C}.Release|Any CPU.Build.0 = Release|Any CPU
		{DE88870C-974D-CDE8-CB9B-11C15DBA1CCE}.Debug|Any CPU.ActiveCfg = Debug|Any CPU
		{DE88870C-974D-CDE8-CB9B-11C15DBA1CCE}.Debug|Any CPU.Build.0 = Debug|Any CPU
		{DE88870C-974D-CDE8-CB9B-11C15DBA1CCE}.Release|Any CPU.ActiveCfg = Release|Any CPU
		{DE88870C-974D-CDE8-CB9B-11C15DBA1CCE}.Release|Any CPU.Build.0 = Release|Any CPU
		{BD1FFF71-807D-399F-15A7-49EE9F01F0C5}.Debug|Any CPU.ActiveCfg = Debug|Any CPU
		{BD1FFF71-807D-399F-15A7-49EE9F01F0C5}.Debug|Any CPU.Build.0 = Debug|Any CPU
		{BD1FFF71-807D-399F-15A7-49EE9F01F0C5}.Release|Any CPU.ActiveCfg = Release|Any CPU
		{BD1FFF71-807D-399F-15A7-49EE9F01F0C5}.Release|Any CPU.Build.0 = Release|Any CPU
		{54B9380A-0AE0-A902-9E9C-9A09DE0ECC8C}.Debug|Any CPU.ActiveCfg = Debug|Any CPU
		{54B9380A-0AE0-A902-9E9C-9A09DE0ECC8C}.Debug|Any CPU.Build.0 = Debug|Any CPU
		{54B9380A-0AE0-A902-9E9C-9A09DE0ECC8C}.Release|Any CPU.ActiveCfg = Release|Any CPU
		{54B9380A-0AE0-A902-9E9C-9A09DE0ECC8C}.Release|Any CPU.Build.0 = Release|Any CPU
		{010C984A-8983-155F-4C31-FBBCA2F21D73}.Debug|Any CPU.ActiveCfg = Debug|Any CPU
		{010C984A-8983-155F-4C31-FBBCA2F21D73}.Debug|Any CPU.Build.0 = Debug|Any CPU
		{010C984A-8983-155F-4C31-FBBCA2F21D73}.Release|Any CPU.ActiveCfg = Release|Any CPU
		{010C984A-8983-155F-4C31-FBBCA2F21D73}.Release|Any CPU.Build.0 = Release|Any CPU
		{408503BD-643F-9CD9-5AA0-E5287E95ECEC}.Debug|Any CPU.ActiveCfg = Debug|Any CPU
		{408503BD-643F-9CD9-5AA0-E5287E95ECEC}.Debug|Any CPU.Build.0 = Debug|Any CPU
		{408503BD-643F-9CD9-5AA0-E5287E95ECEC}.Release|Any CPU.ActiveCfg = Release|Any CPU
		{408503BD-643F-9CD9-5AA0-E5287E95ECEC}.Release|Any CPU.Build.0 = Release|Any CPU
		{E7952492-EBF5-E9E5-B90B-A5D385F06FCA}.Debug|Any CPU.ActiveCfg = Debug|Any CPU
		{E7952492-EBF5-E9E5-B90B-A5D385F06FCA}.Debug|Any CPU.Build.0 = Debug|Any CPU
		{E7952492-EBF5-E9E5-B90B-A5D385F06FCA}.Release|Any CPU.ActiveCfg = Release|Any CPU
		{E7952492-EBF5-E9E5-B90B-A5D385F06FCA}.Release|Any CPU.Build.0 = Release|Any CPU
		{44C81AC6-1F43-3C8C-712C-F4D1B0FF444B}.Debug|Any CPU.ActiveCfg = Debug|Any CPU
		{44C81AC6-1F43-3C8C-712C-F4D1B0FF444B}.Debug|Any CPU.Build.0 = Debug|Any CPU
		{44C81AC6-1F43-3C8C-712C-F4D1B0FF444B}.Release|Any CPU.ActiveCfg = Release|Any CPU
		{44C81AC6-1F43-3C8C-712C-F4D1B0FF444B}.Release|Any CPU.Build.0 = Release|Any CPU
		{804B00D7-6862-7F32-AA34-DB5D188C9D78}.Debug|Any CPU.ActiveCfg = Debug|Any CPU
		{804B00D7-6862-7F32-AA34-DB5D188C9D78}.Debug|Any CPU.Build.0 = Debug|Any CPU
		{804B00D7-6862-7F32-AA34-DB5D188C9D78}.Release|Any CPU.ActiveCfg = Release|Any CPU
		{804B00D7-6862-7F32-AA34-DB5D188C9D78}.Release|Any CPU.Build.0 = Release|Any CPU
		{2F83ABDD-FD81-E2FF-9371-CFE7E14DC0BB}.Debug|Any CPU.ActiveCfg = Debug|Any CPU
		{2F83ABDD-FD81-E2FF-9371-CFE7E14DC0BB}.Debug|Any CPU.Build.0 = Debug|Any CPU
		{2F83ABDD-FD81-E2FF-9371-CFE7E14DC0BB}.Release|Any CPU.ActiveCfg = Release|Any CPU
		{2F83ABDD-FD81-E2FF-9371-CFE7E14DC0BB}.Release|Any CPU.Build.0 = Release|Any CPU
		{91FB80A7-E614-FAE7-0F08-B8BED82834E5}.Debug|Any CPU.ActiveCfg = Debug|Any CPU
		{91FB80A7-E614-FAE7-0F08-B8BED82834E5}.Debug|Any CPU.Build.0 = Debug|Any CPU
		{91FB80A7-E614-FAE7-0F08-B8BED82834E5}.Release|Any CPU.ActiveCfg = Release|Any CPU
		{91FB80A7-E614-FAE7-0F08-B8BED82834E5}.Release|Any CPU.Build.0 = Release|Any CPU
		{5FA077DE-FD85-C6EA-506D-76ABE2F5601A}.Debug|Any CPU.ActiveCfg = Debug|Any CPU
		{5FA077DE-FD85-C6EA-506D-76ABE2F5601A}.Debug|Any CPU.Build.0 = Debug|Any CPU
		{5FA077DE-FD85-C6EA-506D-76ABE2F5601A}.Release|Any CPU.ActiveCfg = Release|Any CPU
		{5FA077DE-FD85-C6EA-506D-76ABE2F5601A}.Release|Any CPU.Build.0 = Release|Any CPU
		{15B8A19F-128E-E73A-4AC0-4340098371F8}.Debug|Any CPU.ActiveCfg = Debug|Any CPU
		{15B8A19F-128E-E73A-4AC0-4340098371F8}.Debug|Any CPU.Build.0 = Debug|Any CPU
		{15B8A19F-128E-E73A-4AC0-4340098371F8}.Release|Any CPU.ActiveCfg = Release|Any CPU
		{15B8A19F-128E-E73A-4AC0-4340098371F8}.Release|Any CPU.Build.0 = Release|Any CPU
		{ED37A284-7D13-C3CE-112E-ACEE7634FF47}.Debug|Any CPU.ActiveCfg = Debug|Any CPU
		{ED37A284-7D13-C3CE-112E-ACEE7634FF47}.Debug|Any CPU.Build.0 = Debug|Any CPU
		{ED37A284-7D13-C3CE-112E-ACEE7634FF47}.Release|Any CPU.ActiveCfg = Release|Any CPU
		{ED37A284-7D13-C3CE-112E-ACEE7634FF47}.Release|Any CPU.Build.0 = Release|Any CPU
	EndGlobalSection
	GlobalSection(SolutionProperties) = preSolution
		HideSolutionNode = FALSE
	EndGlobalSection
EndGlobal
